
Microsoft Visual Studio Solution File, Format Version 12.00
# Visual Studio Version 16
VisualStudioVersion = 16.0.31321.278
MinimumVisualStudioVersion = 10.0.40219.1
Project("{FAE04EC0-301F-11D3-BF4B-00C04F79EFBC}") = "TourmalineCore.NodaTime.Extensions", "TourmalineCore.NodaTime.Extensions\TourmalineCore.NodaTime.Extensions.csproj", "{600858B9-C20F-4C7F-BB66-AD5A69FFC735}"
EndProject
Project("{9A19103F-16F7-4668-BE54-9A1E7A4F7556}") = "Tests", "Tests\Tests.csproj", "{3BF32255-917F-4B14-A16C-189D23CAF388}"
EndProject
Project("{2150E333-8FDC-42A3-9474-1A3956D46DE8}") = "Solution Items", "Solution Items", "{0377098F-38C0-47FD-B2B3-0A2B3823629B}"
	ProjectSection(SolutionItems) = preProject
		.editorconfig = .editorconfig
	EndProjectSection
EndProject
Global
	GlobalSection(SolutionConfigurationPlatforms) = preSolution
		Debug|Any CPU = Debug|Any CPU
		Release|Any CPU = Release|Any CPU
	EndGlobalSection
	GlobalSection(ProjectConfigurationPlatforms) = postSolution
		{600858B9-C20F-4C7F-BB66-AD5A69FFC735}.Debug|Any CPU.ActiveCfg = Debug|Any CPU
		{600858B9-C20F-4C7F-BB66-AD5A69FFC735}.Debug|Any CPU.Build.0 = Debug|Any CPU
		{600858B9-C20F-4C7F-BB66-AD5A69FFC735}.Release|Any CPU.ActiveCfg = Release|Any CPU
		{600858B9-C20F-4C7F-BB66-AD5A69FFC735}.Release|Any CPU.Build.0 = Release|Any CPU
		{3BF32255-917F-4B14-A16C-189D23CAF388}.Debug|Any CPU.ActiveCfg = Debug|Any CPU
		{3BF32255-917F-4B14-A16C-189D23CAF388}.Debug|Any CPU.Build.0 = Debug|Any CPU
		{3BF32255-917F-4B14-A16C-189D23CAF388}.Release|Any CPU.ActiveCfg = Release|Any CPU
		{3BF32255-917F-4B14-A16C-189D23CAF388}.Release|Any CPU.Build.0 = Release|Any CPU
	EndGlobalSection
	GlobalSection(SolutionProperties) = preSolution
		HideSolutionNode = FALSE
	EndGlobalSection
	GlobalSection(ExtensibilityGlobals) = postSolution
		SolutionGuid = {FB1C1C3E-358F-4C1A-A182-8685AAD666E1}
	EndGlobalSection
EndGlobal
